
Microsoft Visual Studio Solution File, Format Version 12.00
# Visual Studio Version 17
VisualStudioVersion = 17.11.35312.102
MinimumVisualStudioVersion = 10.0.40219.1
Project("{9A19103F-16F7-4668-BE54-9A1E7A4F7556}") = "002-program002a-soucet-cifer", "program002a-soucet-cifer\002-program002a-soucet-cifer.csproj", "{97E96EBF-9333-499A-8760-3D1C29438F3F}"
EndProject
Project("{9A19103F-16F7-4668-BE54-9A1E7A4F7556}") = "002-program002b-soucet-cifer", "program002b-soucet-cifer\002-program002b-soucet-cifer.csproj", "{F1CC5FE5-5B00-4712-B364-5C97E5B89F5F}"
EndProject
Project("{9A19103F-16F7-4668-BE54-9A1E7A4F7556}") = "001-prvni-program-vypis-rady", "001-prvni-program-vypis-rady\001-prvni-program-vypis-rady.csproj", "{48205A97-AFF9-463A-8DD5-CC41F5060242}"
EndProject
Project("{9A19103F-16F7-4668-BE54-9A1E7A4F7556}") = "003-program003a-obdelnik", "003-program003a-obdelnik\003-program003a-obdelnik.csproj", "{782AA714-2585-4847-B37E-15D614EF921F}"
EndProject
Project("{9A19103F-16F7-4668-BE54-9A1E7A4F7556}") = "003-program003b-pravouhly-trojuhelnik", "003-program003b-pravouhly-trojuhelnik\003-program003b-pravouhly-trojuhelnik.csproj", "{E8F38D72-6731-44D0-AF87-684B0245FB5D}"
EndProject
Project("{FAE04EC0-301F-11D3-BF4B-00C04F79EFBC}") = "004-program004-generator", "004-program004-generator\004-program004-generator.csproj", "{D8E3A84C-A4D9-4C56-976B-670571775226}"
EndProject
Project("{FAE04EC0-301F-11D3-BF4B-00C04F79EFBC}") = "005-program005-maxmin", "005-program005-maxmin\005-program005-maxmin.csproj", "{0D19982D-13C5-45A8-8682-7B3F3285CCEC}"
EndProject
Project("{FAE04EC0-301F-11D3-BF4B-00C04F79EFBC}") = "006-program006-analyzace-textu", "006-program006-analyzace-textu\006-program006-analyzace-textu.csproj", "{8BE5675A-DAF8-4399-81C2-B3CB88EB5BB5}"
EndProject
Project("{FAE04EC0-301F-11D3-BF4B-00C04F79EFBC}") = "013-program013a-aritmeticka-posloupnost", "013-program013a-aritmeticka-posloupnost\013-program013a-aritmeticka-posloupnost.csproj", "{5BB27FDB-49E2-4B9F-8A58-FD135F7EEE43}"
EndProject
Project("{FAE04EC0-301F-11D3-BF4B-00C04F79EFBC}") = "011-program011a-vypocet-pi", "011-program011a-vypocet-pi\011-program011a-vypocet-pi.csproj", "{85FB5973-FA68-4BB4-B7A8-DA08C2F161AA}"
EndProject
Project("{FAE04EC0-301F-11D3-BF4B-00C04F79EFBC}") = "012-program012a-intervaly", "012-program012a-intervaly\012-program012a-intervaly.csproj", "{48A86087-18A7-45C7-9096-A55CC71E1148}"
EndProject
Project("{FAE04EC0-301F-11D3-BF4B-00C04F79EFBC}") = "016-program016a-NSD-NSN", "016-program016a-NSD-NSN\016-program016a-NSD-NSN.csproj", "{7F8BCD32-D724-4E08-BE90-828FEB23FA92}"
EndProject
Global
	GlobalSection(SolutionConfigurationPlatforms) = preSolution
		Debug|Any CPU = Debug|Any CPU
		Debug|x64 = Debug|x64
		Debug|x86 = Debug|x86
		Release|Any CPU = Release|Any CPU
		Release|x64 = Release|x64
		Release|x86 = Release|x86
	EndGlobalSection
	GlobalSection(ProjectConfigurationPlatforms) = postSolution
		{97E96EBF-9333-499A-8760-3D1C29438F3F}.Debug|Any CPU.ActiveCfg = Debug|Any CPU
		{97E96EBF-9333-499A-8760-3D1C29438F3F}.Debug|Any CPU.Build.0 = Debug|Any CPU
		{97E96EBF-9333-499A-8760-3D1C29438F3F}.Debug|x64.ActiveCfg = Debug|Any CPU
		{97E96EBF-9333-499A-8760-3D1C29438F3F}.Debug|x64.Build.0 = Debug|Any CPU
		{97E96EBF-9333-499A-8760-3D1C29438F3F}.Debug|x86.ActiveCfg = Debug|Any CPU
		{97E96EBF-9333-499A-8760-3D1C29438F3F}.Debug|x86.Build.0 = Debug|Any CPU
		{97E96EBF-9333-499A-8760-3D1C29438F3F}.Release|Any CPU.ActiveCfg = Release|Any CPU
		{97E96EBF-9333-499A-8760-3D1C29438F3F}.Release|Any CPU.Build.0 = Release|Any CPU
		{97E96EBF-9333-499A-8760-3D1C29438F3F}.Release|x64.ActiveCfg = Release|Any CPU
		{97E96EBF-9333-499A-8760-3D1C29438F3F}.Release|x64.Build.0 = Release|Any CPU
		{97E96EBF-9333-499A-8760-3D1C29438F3F}.Release|x86.ActiveCfg = Release|Any CPU
		{97E96EBF-9333-499A-8760-3D1C29438F3F}.Release|x86.Build.0 = Release|Any CPU
		{F1CC5FE5-5B00-4712-B364-5C97E5B89F5F}.Debug|Any CPU.ActiveCfg = Debug|Any CPU
		{F1CC5FE5-5B00-4712-B364-5C97E5B89F5F}.Debug|Any CPU.Build.0 = Debug|Any CPU
		{F1CC5FE5-5B00-4712-B364-5C97E5B89F5F}.Debug|x64.ActiveCfg = Debug|Any CPU
		{F1CC5FE5-5B00-4712-B364-5C97E5B89F5F}.Debug|x64.Build.0 = Debug|Any CPU
		{F1CC5FE5-5B00-4712-B364-5C97E5B89F5F}.Debug|x86.ActiveCfg = Debug|Any CPU
		{F1CC5FE5-5B00-4712-B364-5C97E5B89F5F}.Debug|x86.Build.0 = Debug|Any CPU
		{F1CC5FE5-5B00-4712-B364-5C97E5B89F5F}.Release|Any CPU.ActiveCfg = Release|Any CPU
		{F1CC5FE5-5B00-4712-B364-5C97E5B89F5F}.Release|Any CPU.Build.0 = Release|Any CPU
		{F1CC5FE5-5B00-4712-B364-5C97E5B89F5F}.Release|x64.ActiveCfg = Release|Any CPU
		{F1CC5FE5-5B00-4712-B364-5C97E5B89F5F}.Release|x64.Build.0 = Release|Any CPU
		{F1CC5FE5-5B00-4712-B364-5C97E5B89F5F}.Release|x86.ActiveCfg = Release|Any CPU
		{F1CC5FE5-5B00-4712-B364-5C97E5B89F5F}.Release|x86.Build.0 = Release|Any CPU
		{48205A97-AFF9-463A-8DD5-CC41F5060242}.Debug|Any CPU.ActiveCfg = Debug|Any CPU
		{48205A97-AFF9-463A-8DD5-CC41F5060242}.Debug|Any CPU.Build.0 = Debug|Any CPU
		{48205A97-AFF9-463A-8DD5-CC41F5060242}.Debug|x64.ActiveCfg = Debug|Any CPU
		{48205A97-AFF9-463A-8DD5-CC41F5060242}.Debug|x64.Build.0 = Debug|Any CPU
		{48205A97-AFF9-463A-8DD5-CC41F5060242}.Debug|x86.ActiveCfg = Debug|Any CPU
		{48205A97-AFF9-463A-8DD5-CC41F5060242}.Debug|x86.Build.0 = Debug|Any CPU
		{48205A97-AFF9-463A-8DD5-CC41F5060242}.Release|Any CPU.ActiveCfg = Release|Any CPU
		{48205A97-AFF9-463A-8DD5-CC41F5060242}.Release|Any CPU.Build.0 = Release|Any CPU
		{48205A97-AFF9-463A-8DD5-CC41F5060242}.Release|x64.ActiveCfg = Release|Any CPU
		{48205A97-AFF9-463A-8DD5-CC41F5060242}.Release|x64.Build.0 = Release|Any CPU
		{48205A97-AFF9-463A-8DD5-CC41F5060242}.Release|x86.ActiveCfg = Release|Any CPU
		{48205A97-AFF9-463A-8DD5-CC41F5060242}.Release|x86.Build.0 = Release|Any CPU
		{782AA714-2585-4847-B37E-15D614EF921F}.Debug|Any CPU.ActiveCfg = Debug|Any CPU
		{782AA714-2585-4847-B37E-15D614EF921F}.Debug|Any CPU.Build.0 = Debug|Any CPU
		{782AA714-2585-4847-B37E-15D614EF921F}.Debug|x64.ActiveCfg = Debug|Any CPU
		{782AA714-2585-4847-B37E-15D614EF921F}.Debug|x64.Build.0 = Debug|Any CPU
		{782AA714-2585-4847-B37E-15D614EF921F}.Debug|x86.ActiveCfg = Debug|Any CPU
		{782AA714-2585-4847-B37E-15D614EF921F}.Debug|x86.Build.0 = Debug|Any CPU
		{782AA714-2585-4847-B37E-15D614EF921F}.Release|Any CPU.ActiveCfg = Release|Any CPU
		{782AA714-2585-4847-B37E-15D614EF921F}.Release|Any CPU.Build.0 = Release|Any CPU
		{782AA714-2585-4847-B37E-15D614EF921F}.Release|x64.ActiveCfg = Release|Any CPU
		{782AA714-2585-4847-B37E-15D614EF921F}.Release|x64.Build.0 = Release|Any CPU
		{782AA714-2585-4847-B37E-15D614EF921F}.Release|x86.ActiveCfg = Release|Any CPU
		{782AA714-2585-4847-B37E-15D614EF921F}.Release|x86.Build.0 = Release|Any CPU
		{E8F38D72-6731-44D0-AF87-684B0245FB5D}.Debug|Any CPU.ActiveCfg = Debug|Any CPU
		{E8F38D72-6731-44D0-AF87-684B0245FB5D}.Debug|Any CPU.Build.0 = Debug|Any CPU
		{E8F38D72-6731-44D0-AF87-684B0245FB5D}.Debug|x64.ActiveCfg = Debug|Any CPU
		{E8F38D72-6731-44D0-AF87-684B0245FB5D}.Debug|x64.Build.0 = Debug|Any CPU
		{E8F38D72-6731-44D0-AF87-684B0245FB5D}.Debug|x86.ActiveCfg = Debug|Any CPU
		{E8F38D72-6731-44D0-AF87-684B0245FB5D}.Debug|x86.Build.0 = Debug|Any CPU
		{E8F38D72-6731-44D0-AF87-684B0245FB5D}.Release|Any CPU.ActiveCfg = Release|Any CPU
		{E8F38D72-6731-44D0-AF87-684B0245FB5D}.Release|Any CPU.Build.0 = Release|Any CPU
		{E8F38D72-6731-44D0-AF87-684B0245FB5D}.Release|x64.ActiveCfg = Release|Any CPU
		{E8F38D72-6731-44D0-AF87-684B0245FB5D}.Release|x64.Build.0 = Release|Any CPU
		{E8F38D72-6731-44D0-AF87-684B0245FB5D}.Release|x86.ActiveCfg = Release|Any CPU
		{E8F38D72-6731-44D0-AF87-684B0245FB5D}.Release|x86.Build.0 = Release|Any CPU
		{D8E3A84C-A4D9-4C56-976B-670571775226}.Debug|Any CPU.ActiveCfg = Debug|Any CPU
		{D8E3A84C-A4D9-4C56-976B-670571775226}.Debug|Any CPU.Build.0 = Debug|Any CPU
		{D8E3A84C-A4D9-4C56-976B-670571775226}.Debug|x64.ActiveCfg = Debug|Any CPU
		{D8E3A84C-A4D9-4C56-976B-670571775226}.Debug|x64.Build.0 = Debug|Any CPU
		{D8E3A84C-A4D9-4C56-976B-670571775226}.Debug|x86.ActiveCfg = Debug|Any CPU
		{D8E3A84C-A4D9-4C56-976B-670571775226}.Debug|x86.Build.0 = Debug|Any CPU
		{D8E3A84C-A4D9-4C56-976B-670571775226}.Release|Any CPU.ActiveCfg = Release|Any CPU
		{D8E3A84C-A4D9-4C56-976B-670571775226}.Release|Any CPU.Build.0 = Release|Any CPU
		{D8E3A84C-A4D9-4C56-976B-670571775226}.Release|x64.ActiveCfg = Release|Any CPU
		{D8E3A84C-A4D9-4C56-976B-670571775226}.Release|x64.Build.0 = Release|Any CPU
		{D8E3A84C-A4D9-4C56-976B-670571775226}.Release|x86.ActiveCfg = Release|Any CPU
		{D8E3A84C-A4D9-4C56-976B-670571775226}.Release|x86.Build.0 = Release|Any CPU
		{0D19982D-13C5-45A8-8682-7B3F3285CCEC}.Debug|Any CPU.ActiveCfg = Debug|Any CPU
		{0D19982D-13C5-45A8-8682-7B3F3285CCEC}.Debug|Any CPU.Build.0 = Debug|Any CPU
		{0D19982D-13C5-45A8-8682-7B3F3285CCEC}.Debug|x64.ActiveCfg = Debug|Any CPU
		{0D19982D-13C5-45A8-8682-7B3F3285CCEC}.Debug|x64.Build.0 = Debug|Any CPU
		{0D19982D-13C5-45A8-8682-7B3F3285CCEC}.Debug|x86.ActiveCfg = Debug|Any CPU
		{0D19982D-13C5-45A8-8682-7B3F3285CCEC}.Debug|x86.Build.0 = Debug|Any CPU
		{0D19982D-13C5-45A8-8682-7B3F3285CCEC}.Release|Any CPU.ActiveCfg = Release|Any CPU
		{0D19982D-13C5-45A8-8682-7B3F3285CCEC}.Release|Any CPU.Build.0 = Release|Any CPU
		{0D19982D-13C5-45A8-8682-7B3F3285CCEC}.Release|x64.ActiveCfg = Release|Any CPU
		{0D19982D-13C5-45A8-8682-7B3F3285CCEC}.Release|x64.Build.0 = Release|Any CPU
		{0D19982D-13C5-45A8-8682-7B3F3285CCEC}.Release|x86.ActiveCfg = Release|Any CPU
		{0D19982D-13C5-45A8-8682-7B3F3285CCEC}.Release|x86.Build.0 = Release|Any CPU
		{8BE5675A-DAF8-4399-81C2-B3CB88EB5BB5}.Debug|Any CPU.ActiveCfg = Debug|Any CPU
		{8BE5675A-DAF8-4399-81C2-B3CB88EB5BB5}.Debug|Any CPU.Build.0 = Debug|Any CPU
		{8BE5675A-DAF8-4399-81C2-B3CB88EB5BB5}.Debug|x64.ActiveCfg = Debug|Any CPU
		{8BE5675A-DAF8-4399-81C2-B3CB88EB5BB5}.Debug|x64.Build.0 = Debug|Any CPU
		{8BE5675A-DAF8-4399-81C2-B3CB88EB5BB5}.Debug|x86.ActiveCfg = Debug|Any CPU
		{8BE5675A-DAF8-4399-81C2-B3CB88EB5BB5}.Debug|x86.Build.0 = Debug|Any CPU
		{8BE5675A-DAF8-4399-81C2-B3CB88EB5BB5}.Release|Any CPU.ActiveCfg = Release|Any CPU
		{8BE5675A-DAF8-4399-81C2-B3CB88EB5BB5}.Release|Any CPU.Build.0 = Release|Any CPU
		{8BE5675A-DAF8-4399-81C2-B3CB88EB5BB5}.Release|x64.ActiveCfg = Release|Any CPU
		{8BE5675A-DAF8-4399-81C2-B3CB88EB5BB5}.Release|x64.Build.0 = Release|Any CPU
		{8BE5675A-DAF8-4399-81C2-B3CB88EB5BB5}.Release|x86.ActiveCfg = Release|Any CPU
		{8BE5675A-DAF8-4399-81C2-B3CB88EB5BB5}.Release|x86.Build.0 = Release|Any CPU
		{5BB27FDB-49E2-4B9F-8A58-FD135F7EEE43}.Debug|Any CPU.ActiveCfg = Debug|Any CPU
		{5BB27FDB-49E2-4B9F-8A58-FD135F7EEE43}.Debug|Any CPU.Build.0 = Debug|Any CPU
		{5BB27FDB-49E2-4B9F-8A58-FD135F7EEE43}.Debug|x64.ActiveCfg = Debug|Any CPU
		{5BB27FDB-49E2-4B9F-8A58-FD135F7EEE43}.Debug|x64.Build.0 = Debug|Any CPU
		{5BB27FDB-49E2-4B9F-8A58-FD135F7EEE43}.Debug|x86.ActiveCfg = Debug|Any CPU
		{5BB27FDB-49E2-4B9F-8A58-FD135F7EEE43}.Debug|x86.Build.0 = Debug|Any CPU
		{5BB27FDB-49E2-4B9F-8A58-FD135F7EEE43}.Release|Any CPU.ActiveCfg = Release|Any CPU
		{5BB27FDB-49E2-4B9F-8A58-FD135F7EEE43}.Release|Any CPU.Build.0 = Release|Any CPU
		{5BB27FDB-49E2-4B9F-8A58-FD135F7EEE43}.Release|x64.ActiveCfg = Release|Any CPU
		{5BB27FDB-49E2-4B9F-8A58-FD135F7EEE43}.Release|x64.Build.0 = Release|Any CPU
		{5BB27FDB-49E2-4B9F-8A58-FD135F7EEE43}.Release|x86.ActiveCfg = Release|Any CPU
		{5BB27FDB-49E2-4B9F-8A58-FD135F7EEE43}.Release|x86.Build.0 = Release|Any CPU
		{85FB5973-FA68-4BB4-B7A8-DA08C2F161AA}.Debug|Any CPU.ActiveCfg = Debug|Any CPU
		{85FB5973-FA68-4BB4-B7A8-DA08C2F161AA}.Debug|Any CPU.Build.0 = Debug|Any CPU
		{85FB5973-FA68-4BB4-B7A8-DA08C2F161AA}.Debug|x64.ActiveCfg = Debug|Any CPU
		{85FB5973-FA68-4BB4-B7A8-DA08C2F161AA}.Debug|x64.Build.0 = Debug|Any CPU
		{85FB5973-FA68-4BB4-B7A8-DA08C2F161AA}.Debug|x86.ActiveCfg = Debug|Any CPU
		{85FB5973-FA68-4BB4-B7A8-DA08C2F161AA}.Debug|x86.Build.0 = Debug|Any CPU
		{85FB5973-FA68-4BB4-B7A8-DA08C2F161AA}.Release|Any CPU.ActiveCfg = Release|Any CPU
		{85FB5973-FA68-4BB4-B7A8-DA08C2F161AA}.Release|Any CPU.Build.0 = Release|Any CPU
		{85FB5973-FA68-4BB4-B7A8-DA08C2F161AA}.Release|x64.ActiveCfg = Release|Any CPU
		{85FB5973-FA68-4BB4-B7A8-DA08C2F161AA}.Release|x64.Build.0 = Release|Any CPU
		{85FB5973-FA68-4BB4-B7A8-DA08C2F161AA}.Release|x86.ActiveCfg = Release|Any CPU
		{85FB5973-FA68-4BB4-B7A8-DA08C2F161AA}.Release|x86.Build.0 = Release|Any CPU
		{48A86087-18A7-45C7-9096-A55CC71E1148}.Debug|Any CPU.ActiveCfg = Debug|Any CPU
		{48A86087-18A7-45C7-9096-A55CC71E1148}.Debug|Any CPU.Build.0 = Debug|Any CPU
		{48A86087-18A7-45C7-9096-A55CC71E1148}.Debug|x64.ActiveCfg = Debug|Any CPU
		{48A86087-18A7-45C7-9096-A55CC71E1148}.Debug|x64.Build.0 = Debug|Any CPU
		{48A86087-18A7-45C7-9096-A55CC71E1148}.Debug|x86.ActiveCfg = Debug|Any CPU
		{48A86087-18A7-45C7-9096-A55CC71E1148}.Debug|x86.Build.0 = Debug|Any CPU
		{48A86087-18A7-45C7-9096-A55CC71E1148}.Release|Any CPU.ActiveCfg = Release|Any CPU
		{48A86087-18A7-45C7-9096-A55CC71E1148}.Release|Any CPU.Build.0 = Release|Any CPU
		{48A86087-18A7-45C7-9096-A55CC71E1148}.Release|x64.ActiveCfg = Release|Any CPU
		{48A86087-18A7-45C7-9096-A55CC71E1148}.Release|x64.Build.0 = Release|Any CPU
		{48A86087-18A7-45C7-9096-A55CC71E1148}.Release|x86.ActiveCfg = Release|Any CPU
		{48A86087-18A7-45C7-9096-A55CC71E1148}.Release|x86.Build.0 = Release|Any CPU
		{7F8BCD32-D724-4E08-BE90-828FEB23FA92}.Debug|Any CPU.ActiveCfg = Debug|Any CPU
		{7F8BCD32-D724-4E08-BE90-828FEB23FA92}.Debug|Any CPU.Build.0 = Debug|Any CPU
		{7F8BCD32-D724-4E08-BE90-828FEB23FA92}.Debug|x64.ActiveCfg = Debug|Any CPU
		{7F8BCD32-D724-4E08-BE90-828FEB23FA92}.Debug|x64.Build.0 = Debug|Any CPU
		{7F8BCD32-D724-4E08-BE90-828FEB23FA92}.Debug|x86.ActiveCfg = Debug|Any CPU
		{7F8BCD32-D724-4E08-BE90-828FEB23FA92}.Debug|x86.Build.0 = Debug|Any CPU
		{7F8BCD32-D724-4E08-BE90-828FEB23FA92}.Release|Any CPU.ActiveCfg = Release|Any CPU
		{7F8BCD32-D724-4E08-BE90-828FEB23FA92}.Release|Any CPU.Build.0 = Release|Any CPU
		{7F8BCD32-D724-4E08-BE90-828FEB23FA92}.Release|x64.ActiveCfg = Release|Any CPU
		{7F8BCD32-D724-4E08-BE90-828FEB23FA92}.Release|x64.Build.0 = Release|Any CPU
		{7F8BCD32-D724-4E08-BE90-828FEB23FA92}.Release|x86.ActiveCfg = Release|Any CPU
		{7F8BCD32-D724-4E08-BE90-828FEB23FA92}.Release|x86.Build.0 = Release|Any CPU
	EndGlobalSection
	GlobalSection(SolutionProperties) = preSolution
		HideSolutionNode = FALSE
	EndGlobalSection
	GlobalSection(ExtensibilityGlobals) = postSolution
		SolutionGuid = {4AAC3F62-F1FC-4485-98C7-19163F1D24B2}
	EndGlobalSection
EndGlobal
